
Microsoft Visual Studio Solution File, Format Version 12.00
# Visual Studio Version 17
VisualStudioVersion = 17.2.32210.308
MinimumVisualStudioVersion = 10.0.40219.1
Project("{FAE04EC0-301F-11D3-BF4B-00C04F79EFBC}") = "LineBotNet.Core", "LineBotNet.Core\LineBotNet.Core.csproj", "{241125A3-1CAA-4E48-90EF-EB5C02B02B60}"
EndProject
Project("{FAE04EC0-301F-11D3-BF4B-00C04F79EFBC}") = "LineBotMessageWebJob", "LineBotMessageWebJob\LineBotMessageWebJob.csproj", "{E85C7C31-FA78-4B5A-AF31-1B4B54AE302B}"
EndProject
Project("{FAE04EC0-301F-11D3-BF4B-00C04F79EFBC}") = "LineSearchDotNetCoreFxRepoBot", "LineSearchDotNetCoreFxRepoBot\LineSearchDotNetCoreFxRepoBot.csproj", "{0A36C39F-9CCC-4180-A23B-8F38BE4F17C6}"
EndProject
Project("{FAE04EC0-301F-11D3-BF4B-00C04F79EFBC}") = "LineTranslateBot", "LineTranslateBot\LineTranslateBot.csproj", "{FC0CDDFD-EBD1-489C-826A-B3261931EAE7}"
EndProject
Project("{FAE04EC0-301F-11D3-BF4B-00C04F79EFBC}") = "LineBotMessageCollector", "LineBotMessageCollector\LineBotMessageCollector.csproj", "{A608E508-CD67-4349-BEE7-AC287C38D665}"
EndProject
Global
	GlobalSection(SolutionConfigurationPlatforms) = preSolution
		Debug|Any CPU = Debug|Any CPU
		Release|Any CPU = Release|Any CPU
	EndGlobalSection
	GlobalSection(ProjectConfigurationPlatforms) = postSolution
		{241125A3-1CAA-4E48-90EF-EB5C02B02B60}.Debug|Any CPU.ActiveCfg = Debug|Any CPU
		{241125A3-1CAA-4E48-90EF-EB5C02B02B60}.Debug|Any CPU.Build.0 = Debug|Any CPU
		{241125A3-1CAA-4E48-90EF-EB5C02B02B60}.Release|Any CPU.ActiveCfg = Release|Any CPU
		{241125A3-1CAA-4E48-90EF-EB5C02B02B60}.Release|Any CPU.Build.0 = Release|Any CPU
		{E85C7C31-FA78-4B5A-AF31-1B4B54AE302B}.Debug|Any CPU.ActiveCfg = Debug|Any CPU
		{E85C7C31-FA78-4B5A-AF31-1B4B54AE302B}.Debug|Any CPU.Build.0 = Debug|Any CPU
		{E85C7C31-FA78-4B5A-AF31-1B4B54AE302B}.Release|Any CPU.ActiveCfg = Release|Any CPU
		{E85C7C31-FA78-4B5A-AF31-1B4B54AE302B}.Release|Any CPU.Build.0 = Release|Any CPU
		{0A36C39F-9CCC-4180-A23B-8F38BE4F17C6}.Debug|Any CPU.ActiveCfg = Debug|Any CPU
		{0A36C39F-9CCC-4180-A23B-8F38BE4F17C6}.Debug|Any CPU.Build.0 = Debug|Any CPU
		{0A36C39F-9CCC-4180-A23B-8F38BE4F17C6}.Release|Any CPU.ActiveCfg = Release|Any CPU
		{0A36C39F-9CCC-4180-A23B-8F38BE4F17C6}.Release|Any CPU.Build.0 = Release|Any CPU
		{FC0CDDFD-EBD1-489C-826A-B3261931EAE7}.Debug|Any CPU.ActiveCfg = Debug|Any CPU
		{FC0CDDFD-EBD1-489C-826A-B3261931EAE7}.Debug|Any CPU.Build.0 = Debug|Any CPU
		{FC0CDDFD-EBD1-489C-826A-B3261931EAE7}.Release|Any CPU.ActiveCfg = Release|Any CPU
		{FC0CDDFD-EBD1-489C-826A-B3261931EAE7}.Release|Any CPU.Build.0 = Release|Any CPU
		{A608E508-CD67-4349-BEE7-AC287C38D665}.Debug|Any CPU.ActiveCfg = Debug|Any CPU
		{A608E508-CD67-4349-BEE7-AC287C38D665}.Debug|Any CPU.Build.0 = Debug|Any CPU
		{A608E508-CD67-4349-BEE7-AC287C38D665}.Release|Any CPU.ActiveCfg = Release|Any CPU
		{A608E508-CD67-4349-BEE7-AC287C38D665}.Release|Any CPU.Build.0 = Release|Any CPU
	EndGlobalSection
	GlobalSection(SolutionProperties) = preSolution
		HideSolutionNode = FALSE
	EndGlobalSection
	GlobalSection(ExtensibilityGlobals) = postSolution
		SolutionGuid = {039BCE0D-5626-42F5-955B-950B6CC1B819}
	EndGlobalSection
EndGlobal
